// !$*UTF8*$!
{
	archiveVersion = 1;
	classes = {
	};
	objectVersion = 56;
	objects = {

/* Begin PBXBuildFile section */
		FA2F1A5C2B5499A600C37E06 /* SoundModel.swift in Sources */ = {isa = PBXBuildFile; fileRef = FA2F1A5B2B5499A600C37E06 /* SoundModel.swift */; };
		FA2F1A672B54B27700C37E06 /* hd01.m4a in Resources */ = {isa = PBXBuildFile; fileRef = FA2F1A5F2B54B27500C37E06 /* hd01.m4a */; };
		FA2F1A682B54B27700C37E06 /* vc01.m4a in Resources */ = {isa = PBXBuildFile; fileRef = FA2F1A602B54B27600C37E06 /* vc01.m4a */; };
		FA2F1A692B54B27700C37E06 /* hd02.m4a in Resources */ = {isa = PBXBuildFile; fileRef = FA2F1A612B54B27600C37E06 /* hd02.m4a */; };
		FA2F1A6A2B54B27700C37E06 /* es01.m4a in Resources */ = {isa = PBXBuildFile; fileRef = FA2F1A622B54B27600C37E06 /* es01.m4a */; };
		FA2F1A6B2B54B27700C37E06 /* vc04.m4a in Resources */ = {isa = PBXBuildFile; fileRef = FA2F1A632B54B27600C37E06 /* vc04.m4a */; };
		FA2F1A6C2B54B27700C37E06 /* hd03.m4a in Resources */ = {isa = PBXBuildFile; fileRef = FA2F1A642B54B27600C37E06 /* hd03.m4a */; };
		FA2F1A6D2B54B27700C37E06 /* vc03.m4a in Resources */ = {isa = PBXBuildFile; fileRef = FA2F1A652B54B27700C37E06 /* vc03.m4a */; };
		FA2F1A6E2B54B27700C37E06 /* vc02.m4a in Resources */ = {isa = PBXBuildFile; fileRef = FA2F1A662B54B27700C37E06 /* vc02.m4a */; };
		FA2F1A702B55191C00C37E06 /* AudioManager.swift in Sources */ = {isa = PBXBuildFile; fileRef = FA2F1A6F2B55191C00C37E06 /* AudioManager.swift */; };
		FAC667332B5650B60062E4F3 /* ButtonView.swift in Sources */ = {isa = PBXBuildFile; fileRef = FAC667322B5650B60062E4F3 /* ButtonView.swift */; };
		FAC667352B57AEE50062E4F3 /* NavigationBarView.swift in Sources */ = {isa = PBXBuildFile; fileRef = FAC667342B57AEE50062E4F3 /* NavigationBarView.swift */; };
		FAC667372B57B6A00062E4F3 /* SoundCellView.swift in Sources */ = {isa = PBXBuildFile; fileRef = FAC667362B57B6A00062E4F3 /* SoundCellView.swift */; };
		FAC6A5012B4BF7020064EEC2 /* RelaxFocusAndSleepSoundsApp.swift in Sources */ = {isa = PBXBuildFile; fileRef = FAC6A5002B4BF7020064EEC2 /* RelaxFocusAndSleepSoundsApp.swift */; };
		FAC6A5032B4BF7020064EEC2 /* ContentView.swift in Sources */ = {isa = PBXBuildFile; fileRef = FAC6A5022B4BF7020064EEC2 /* ContentView.swift */; };
		FAC6A5052B4BF7030064EEC2 /* Assets.xcassets in Resources */ = {isa = PBXBuildFile; fileRef = FAC6A5042B4BF7030064EEC2 /* Assets.xcassets */; };
		FAC6A5082B4BF7030064EEC2 /* Preview Assets.xcassets in Resources */ = {isa = PBXBuildFile; fileRef = FAC6A5072B4BF7030064EEC2 /* Preview Assets.xcassets */; };
		FAEDB16A2B546EEF00E5C667 /* SoundsView.swift in Sources */ = {isa = PBXBuildFile; fileRef = FAEDB1692B546EEF00E5C667 /* SoundsView.swift */; };
		FAEDB16C2B546FC100E5C667 /* FavoritesView.swift in Sources */ = {isa = PBXBuildFile; fileRef = FAEDB16B2B546FC100E5C667 /* FavoritesView.swift */; };
		FAEDB16E2B54716D00E5C667 /* ProfileView.swift in Sources */ = {isa = PBXBuildFile; fileRef = FAEDB16D2B54716D00E5C667 /* ProfileView.swift */; };
/* End PBXBuildFile section */

/* Begin PBXFileReference section */
		FA2F1A5B2B5499A600C37E06 /* SoundModel.swift */ = {isa = PBXFileReference; lastKnownFileType = sourcecode.swift; path = SoundModel.swift; sourceTree = "<group>"; };
		FA2F1A5F2B54B27500C37E06 /* hd01.m4a */ = {isa = PBXFileReference; lastKnownFileType = file; path = hd01.m4a; sourceTree = "<group>"; };
		FA2F1A602B54B27600C37E06 /* vc01.m4a */ = {isa = PBXFileReference; lastKnownFileType = file; path = vc01.m4a; sourceTree = "<group>"; };
		FA2F1A612B54B27600C37E06 /* hd02.m4a */ = {isa = PBXFileReference; lastKnownFileType = file; path = hd02.m4a; sourceTree = "<group>"; };
		FA2F1A622B54B27600C37E06 /* es01.m4a */ = {isa = PBXFileReference; lastKnownFileType = file; path = es01.m4a; sourceTree = "<group>"; };
		FA2F1A632B54B27600C37E06 /* vc04.m4a */ = {isa = PBXFileReference; lastKnownFileType = file; path = vc04.m4a; sourceTree = "<group>"; };
		FA2F1A642B54B27600C37E06 /* hd03.m4a */ = {isa = PBXFileReference; lastKnownFileType = file; path = hd03.m4a; sourceTree = "<group>"; };
		FA2F1A652B54B27700C37E06 /* vc03.m4a */ = {isa = PBXFileReference; lastKnownFileType = file; path = vc03.m4a; sourceTree = "<group>"; };
		FA2F1A662B54B27700C37E06 /* vc02.m4a */ = {isa = PBXFileReference; lastKnownFileType = file; path = vc02.m4a; sourceTree = "<group>"; };
		FA2F1A6F2B55191C00C37E06 /* AudioManager.swift */ = {isa = PBXFileReference; lastKnownFileType = sourcecode.swift; path = AudioManager.swift; sourceTree = "<group>"; };
		FAC667322B5650B60062E4F3 /* ButtonView.swift */ = {isa = PBXFileReference; lastKnownFileType = sourcecode.swift; path = ButtonView.swift; sourceTree = "<group>"; };
		FAC667342B57AEE50062E4F3 /* NavigationBarView.swift */ = {isa = PBXFileReference; lastKnownFileType = sourcecode.swift; path = NavigationBarView.swift; sourceTree = "<group>"; };
		FAC667362B57B6A00062E4F3 /* SoundCellView.swift */ = {isa = PBXFileReference; lastKnownFileType = sourcecode.swift; path = SoundCellView.swift; sourceTree = "<group>"; };
		FAC6A4FD2B4BF7020064EEC2 /* RelaxFocusAndSleepSounds.app */ = {isa = PBXFileReference; explicitFileType = wrapper.application; includeInIndex = 0; path = RelaxFocusAndSleepSounds.app; sourceTree = BUILT_PRODUCTS_DIR; };
		FAC6A5002B4BF7020064EEC2 /* RelaxFocusAndSleepSoundsApp.swift */ = {isa = PBXFileReference; lastKnownFileType = sourcecode.swift; path = RelaxFocusAndSleepSoundsApp.swift; sourceTree = "<group>"; };
		FAC6A5022B4BF7020064EEC2 /* ContentView.swift */ = {isa = PBXFileReference; lastKnownFileType = sourcecode.swift; path = ContentView.swift; sourceTree = "<group>"; };
		FAC6A5042B4BF7030064EEC2 /* Assets.xcassets */ = {isa = PBXFileReference; lastKnownFileType = folder.assetcatalog; path = Assets.xcassets; sourceTree = "<group>"; };
		FAC6A5072B4BF7030064EEC2 /* Preview Assets.xcassets */ = {isa = PBXFileReference; lastKnownFileType = folder.assetcatalog; path = "Preview Assets.xcassets"; sourceTree = "<group>"; };
		FAEDB1682B51DF9100E5C667 /* Info.plist */ = {isa = PBXFileReference; lastKnownFileType = text.plist; path = Info.plist; sourceTree = "<group>"; };
		FAEDB1692B546EEF00E5C667 /* SoundsView.swift */ = {isa = PBXFileReference; lastKnownFileType = sourcecode.swift; path = SoundsView.swift; sourceTree = "<group>"; };
		FAEDB16B2B546FC100E5C667 /* FavoritesView.swift */ = {isa = PBXFileReference; lastKnownFileType = sourcecode.swift; path = FavoritesView.swift; sourceTree = "<group>"; };
		FAEDB16D2B54716D00E5C667 /* ProfileView.swift */ = {isa = PBXFileReference; lastKnownFileType = sourcecode.swift; path = ProfileView.swift; sourceTree = "<group>"; };
/* End PBXFileReference section */

/* Begin PBXFrameworksBuildPhase section */
		FAC6A4FA2B4BF7020064EEC2 /* Frameworks */ = {
			isa = PBXFrameworksBuildPhase;
			buildActionMask = 2147483647;
			files = (
			);
			runOnlyForDeploymentPostprocessing = 0;
		};
/* End PBXFrameworksBuildPhase section */

/* Begin PBXGroup section */
		FAC667382B57B6BB0062E4F3 /* Reusable Views */ = {
			isa = PBXGroup;
			children = (
				FAC667362B57B6A00062E4F3 /* SoundCellView.swift */,
				FAC667342B57AEE50062E4F3 /* NavigationBarView.swift */,
				FAC667322B5650B60062E4F3 /* ButtonView.swift */,
			);
			path = "Reusable Views";
			sourceTree = "<group>";
		};
		FAC667392B57B7150062E4F3 /* Model */ = {
			isa = PBXGroup;
			children = (
				FA2F1A5B2B5499A600C37E06 /* SoundModel.swift */,
			);
			path = Model;
			sourceTree = "<group>";
		};
		FAC6673A2B57B7230062E4F3 /* Components */ = {
			isa = PBXGroup;
			children = (
				FA2F1A6F2B55191C00C37E06 /* AudioManager.swift */,
			);
			path = Components;
			sourceTree = "<group>";
		};
		FAC6673B2B57B75E0062E4F3 /* Tabs */ = {
			isa = PBXGroup;
			children = (
				FAEDB16B2B546FC100E5C667 /* FavoritesView.swift */,
				FAEDB1692B546EEF00E5C667 /* SoundsView.swift */,
				FAEDB16D2B54716D00E5C667 /* ProfileView.swift */,
			);
			path = Tabs;
			sourceTree = "<group>";
		};
		FAC6A4F42B4BF7020064EEC2 = {
			isa = PBXGroup;
			children = (
				FAC6A4FF2B4BF7020064EEC2 /* RelaxFocusAndSleepSounds */,
				FAC6A4FE2B4BF7020064EEC2 /* Products */,
			);
			sourceTree = "<group>";
		};
		FAC6A4FE2B4BF7020064EEC2 /* Products */ = {
			isa = PBXGroup;
			children = (
				FAC6A4FD2B4BF7020064EEC2 /* RelaxFocusAndSleepSounds.app */,
			);
			name = Products;
			sourceTree = "<group>";
		};
		FAC6A4FF2B4BF7020064EEC2 /* RelaxFocusAndSleepSounds */ = {
			isa = PBXGroup;
			children = (
				FAC6A5002B4BF7020064EEC2 /* RelaxFocusAndSleepSoundsApp.swift */,
				FAC6A5022B4BF7020064EEC2 /* ContentView.swift */,
				FAC6673B2B57B75E0062E4F3 /* Tabs */,
				FAC667382B57B6BB0062E4F3 /* Reusable Views */,
				FAC667392B57B7150062E4F3 /* Model */,
				FAC6673A2B57B7230062E4F3 /* Components */,
				FAEDB1682B51DF9100E5C667 /* Info.plist */,
				FAC6A5042B4BF7030064EEC2 /* Assets.xcassets */,
				FAE92CE22B4BFEE100A53E1A /* Sounds media files */,
				FAC6A5062B4BF7030064EEC2 /* Preview Content */,
			);
			path = RelaxFocusAndSleepSounds;
			sourceTree = "<group>";
		};
		FAC6A5062B4BF7030064EEC2 /* Preview Content */ = {
			isa = PBXGroup;
			children = (
				FAC6A5072B4BF7030064EEC2 /* Preview Assets.xcassets */,
			);
			path = "Preview Content";
			sourceTree = "<group>";
		};
		FAE92CE22B4BFEE100A53E1A /* Sounds media files */ = {
			isa = PBXGroup;
			children = (
				FA2F1A622B54B27600C37E06 /* es01.m4a */,
				FA2F1A5F2B54B27500C37E06 /* hd01.m4a */,
				FA2F1A612B54B27600C37E06 /* hd02.m4a */,
				FA2F1A642B54B27600C37E06 /* hd03.m4a */,
				FA2F1A602B54B27600C37E06 /* vc01.m4a */,
				FA2F1A662B54B27700C37E06 /* vc02.m4a */,
				FA2F1A652B54B27700C37E06 /* vc03.m4a */,
				FA2F1A632B54B27600C37E06 /* vc04.m4a */,
			);
			path = "Sounds media files";
			sourceTree = "<group>";
		};
/* End PBXGroup section */

/* Begin PBXNativeTarget section */
		FAC6A4FC2B4BF7020064EEC2 /* RelaxFocusAndSleepSounds */ = {
			isa = PBXNativeTarget;
			buildConfigurationList = FAC6A50B2B4BF7030064EEC2 /* Build configuration list for PBXNativeTarget "RelaxFocusAndSleepSounds" */;
			buildPhases = (
				FAC6A4F92B4BF7020064EEC2 /* Sources */,
				FAC6A4FA2B4BF7020064EEC2 /* Frameworks */,
				FAC6A4FB2B4BF7020064EEC2 /* Resources */,
			);
			buildRules = (
			);
			dependencies = (
			);
			name = RelaxFocusAndSleepSounds;
			productName = RelaxFocusAndSleepSounds;
			productReference = FAC6A4FD2B4BF7020064EEC2 /* RelaxFocusAndSleepSounds.app */;
			productType = "com.apple.product-type.application";
		};
/* End PBXNativeTarget section */

/* Begin PBXProject section */
		FAC6A4F52B4BF7020064EEC2 /* Project object */ = {
			isa = PBXProject;
			attributes = {
				BuildIndependentTargetsInParallel = 1;
				LastSwiftUpdateCheck = 1510;
				LastUpgradeCheck = 1510;
				TargetAttributes = {
					FAC6A4FC2B4BF7020064EEC2 = {
						CreatedOnToolsVersion = 15.1;
					};
				};
			};
			buildConfigurationList = FAC6A4F82B4BF7020064EEC2 /* Build configuration list for PBXProject "RelaxFocusAndSleepSounds" */;
			compatibilityVersion = "Xcode 14.0";
			developmentRegion = en;
			hasScannedForEncodings = 0;
			knownRegions = (
				en,
				Base,
			);
			mainGroup = FAC6A4F42B4BF7020064EEC2;
			productRefGroup = FAC6A4FE2B4BF7020064EEC2 /* Products */;
			projectDirPath = "";
			projectRoot = "";
			targets = (
				FAC6A4FC2B4BF7020064EEC2 /* RelaxFocusAndSleepSounds */,
			);
		};
/* End PBXProject section */

/* Begin PBXResourcesBuildPhase section */
		FAC6A4FB2B4BF7020064EEC2 /* Resources */ = {
			isa = PBXResourcesBuildPhase;
			buildActionMask = 2147483647;
			files = (
				FAC6A5082B4BF7030064EEC2 /* Preview Assets.xcassets in Resources */,
				FA2F1A6D2B54B27700C37E06 /* vc03.m4a in Resources */,
				FA2F1A6A2B54B27700C37E06 /* es01.m4a in Resources */,
				FA2F1A6E2B54B27700C37E06 /* vc02.m4a in Resources */,
				FA2F1A672B54B27700C37E06 /* hd01.m4a in Resources */,
				FA2F1A682B54B27700C37E06 /* vc01.m4a in Resources */,
				FA2F1A6B2B54B27700C37E06 /* vc04.m4a in Resources */,
				FA2F1A692B54B27700C37E06 /* hd02.m4a in Resources */,
				FAC6A5052B4BF7030064EEC2 /* Assets.xcassets in Resources */,
				FA2F1A6C2B54B27700C37E06 /* hd03.m4a in Resources */,
			);
			runOnlyForDeploymentPostprocessing = 0;
		};
/* End PBXResourcesBuildPhase section */

/* Begin PBXSourcesBuildPhase section */
		FAC6A4F92B4BF7020064EEC2 /* Sources */ = {
			isa = PBXSourcesBuildPhase;
			buildActionMask = 2147483647;
			files = (
				FAEDB16C2B546FC100E5C667 /* FavoritesView.swift in Sources */,
				FA2F1A702B55191C00C37E06 /* AudioManager.swift in Sources */,
				FAC667332B5650B60062E4F3 /* ButtonView.swift in Sources */,
				FAC6A5032B4BF7020064EEC2 /* ContentView.swift in Sources */,
				FAEDB16E2B54716D00E5C667 /* ProfileView.swift in Sources */,
				FA2F1A5C2B5499A600C37E06 /* SoundModel.swift in Sources */,
				FAC667372B57B6A00062E4F3 /* SoundCellView.swift in Sources */,
				FAEDB16A2B546EEF00E5C667 /* SoundsView.swift in Sources */,
				FAC6A5012B4BF7020064EEC2 /* RelaxFocusAndSleepSoundsApp.swift in Sources */,
				FAC667352B57AEE50062E4F3 /* NavigationBarView.swift in Sources */,
			);
			runOnlyForDeploymentPostprocessing = 0;
		};
/* End PBXSourcesBuildPhase section */

/* Begin XCBuildConfiguration section */
		FAC6A5092B4BF7030064EEC2 /* Debug */ = {
			isa = XCBuildConfiguration;
			buildSettings = {
				ALWAYS_SEARCH_USER_PATHS = NO;
				ASSETCATALOG_COMPILER_GENERATE_SWIFT_ASSET_SYMBOL_EXTENSIONS = YES;
				CLANG_ANALYZER_NONNULL = YES;
				CLANG_ANALYZER_NUMBER_OBJECT_CONVERSION = YES_AGGRESSIVE;
				CLANG_CXX_LANGUAGE_STANDARD = "gnu++20";
				CLANG_ENABLE_MODULES = YES;
				CLANG_ENABLE_OBJC_ARC = YES;
				CLANG_ENABLE_OBJC_WEAK = YES;
				CLANG_WARN_BLOCK_CAPTURE_AUTORELEASING = YES;
				CLANG_WARN_BOOL_CONVERSION = YES;
				CLANG_WARN_COMMA = YES;
				CLANG_WARN_CONSTANT_CONVERSION = YES;
				CLANG_WARN_DEPRECATED_OBJC_IMPLEMENTATIONS = YES;
				CLANG_WARN_DIRECT_OBJC_ISA_USAGE = YES_ERROR;
				CLANG_WARN_DOCUMENTATION_COMMENTS = YES;
				CLANG_WARN_EMPTY_BODY = YES;
				CLANG_WARN_ENUM_CONVERSION = YES;
				CLANG_WARN_INFINITE_RECURSION = YES;
				CLANG_WARN_INT_CONVERSION = YES;
				CLANG_WARN_NON_LITERAL_NULL_CONVERSION = YES;
				CLANG_WARN_OBJC_IMPLICIT_RETAIN_SELF = YES;
				CLANG_WARN_OBJC_LITERAL_CONVERSION = YES;
				CLANG_WARN_OBJC_ROOT_CLASS = YES_ERROR;
				CLANG_WARN_QUOTED_INCLUDE_IN_FRAMEWORK_HEADER = YES;
				CLANG_WARN_RANGE_LOOP_ANALYSIS = YES;
				CLANG_WARN_STRICT_PROTOTYPES = YES;
				CLANG_WARN_SUSPICIOUS_MOVE = YES;
				CLANG_WARN_UNGUARDED_AVAILABILITY = YES_AGGRESSIVE;
				CLANG_WARN_UNREACHABLE_CODE = YES;
				CLANG_WARN__DUPLICATE_METHOD_MATCH = YES;
				COPY_PHASE_STRIP = NO;
				DEBUG_INFORMATION_FORMAT = dwarf;
				ENABLE_STRICT_OBJC_MSGSEND = YES;
				ENABLE_TESTABILITY = YES;
				ENABLE_USER_SCRIPT_SANDBOXING = YES;
				GCC_C_LANGUAGE_STANDARD = gnu17;
				GCC_DYNAMIC_NO_PIC = NO;
				GCC_NO_COMMON_BLOCKS = YES;
				GCC_OPTIMIZATION_LEVEL = 0;
				GCC_PREPROCESSOR_DEFINITIONS = (
					"DEBUG=1",
					"$(inherited)",
				);
				GCC_WARN_64_TO_32_BIT_CONVERSION = YES;
				GCC_WARN_ABOUT_RETURN_TYPE = YES_ERROR;
				GCC_WARN_UNDECLARED_SELECTOR = YES;
				GCC_WARN_UNINITIALIZED_AUTOS = YES_AGGRESSIVE;
				GCC_WARN_UNUSED_FUNCTION = YES;
				GCC_WARN_UNUSED_VARIABLE = YES;
				IPHONEOS_DEPLOYMENT_TARGET = 16.0;
				LOCALIZATION_PREFERS_STRING_CATALOGS = YES;
				MTL_ENABLE_DEBUG_INFO = INCLUDE_SOURCE;
				MTL_FAST_MATH = YES;
				ONLY_ACTIVE_ARCH = YES;
				SDKROOT = iphoneos;
				SWIFT_ACTIVE_COMPILATION_CONDITIONS = "DEBUG $(inherited)";
				SWIFT_OPTIMIZATION_LEVEL = "-Onone";
			};
			name = Debug;
		};
		FAC6A50A2B4BF7030064EEC2 /* Release */ = {
			isa = XCBuildConfiguration;
			buildSettings = {
				ALWAYS_SEARCH_USER_PATHS = NO;
				ASSETCATALOG_COMPILER_GENERATE_SWIFT_ASSET_SYMBOL_EXTENSIONS = YES;
				CLANG_ANALYZER_NONNULL = YES;
				CLANG_ANALYZER_NUMBER_OBJECT_CONVERSION = YES_AGGRESSIVE;
				CLANG_CXX_LANGUAGE_STANDARD = "gnu++20";
				CLANG_ENABLE_MODULES = YES;
				CLANG_ENABLE_OBJC_ARC = YES;
				CLANG_ENABLE_OBJC_WEAK = YES;
				CLANG_WARN_BLOCK_CAPTURE_AUTORELEASING = YES;
				CLANG_WARN_BOOL_CONVERSION = YES;
				CLANG_WARN_COMMA = YES;
				CLANG_WARN_CONSTANT_CONVERSION = YES;
				CLANG_WARN_DEPRECATED_OBJC_IMPLEMENTATIONS = YES;
				CLANG_WARN_DIRECT_OBJC_ISA_USAGE = YES_ERROR;
				CLANG_WARN_DOCUMENTATION_COMMENTS = YES;
				CLANG_WARN_EMPTY_BODY = YES;
				CLANG_WARN_ENUM_CONVERSION = YES;
				CLANG_WARN_INFINITE_RECURSION = YES;
				CLANG_WARN_INT_CONVERSION = YES;
				CLANG_WARN_NON_LITERAL_NULL_CONVERSION = YES;
				CLANG_WARN_OBJC_IMPLICIT_RETAIN_SELF = YES;
				CLANG_WARN_OBJC_LITERAL_CONVERSION = YES;
				CLANG_WARN_OBJC_ROOT_CLASS = YES_ERROR;
				CLANG_WARN_QUOTED_INCLUDE_IN_FRAMEWORK_HEADER = YES;
				CLANG_WARN_RANGE_LOOP_ANALYSIS = YES;
				CLANG_WARN_STRICT_PROTOTYPES = YES;
				CLANG_WARN_SUSPICIOUS_MOVE = YES;
				CLANG_WARN_UNGUARDED_AVAILABILITY = YES_AGGRESSIVE;
				CLANG_WARN_UNREACHABLE_CODE = YES;
				CLANG_WARN__DUPLICATE_METHOD_MATCH = YES;
				COPY_PHASE_STRIP = NO;
				DEBUG_INFORMATION_FORMAT = "dwarf-with-dsym";
				ENABLE_NS_ASSERTIONS = NO;
				ENABLE_STRICT_OBJC_MSGSEND = YES;
				ENABLE_USER_SCRIPT_SANDBOXING = YES;
				GCC_C_LANGUAGE_STANDARD = gnu17;
				GCC_NO_COMMON_BLOCKS = YES;
				GCC_WARN_64_TO_32_BIT_CONVERSION = YES;
				GCC_WARN_ABOUT_RETURN_TYPE = YES_ERROR;
				GCC_WARN_UNDECLARED_SELECTOR = YES;
				GCC_WARN_UNINITIALIZED_AUTOS = YES_AGGRESSIVE;
				GCC_WARN_UNUSED_FUNCTION = YES;
				GCC_WARN_UNUSED_VARIABLE = YES;
				IPHONEOS_DEPLOYMENT_TARGET = 16.0;
				LOCALIZATION_PREFERS_STRING_CATALOGS = YES;
				MTL_ENABLE_DEBUG_INFO = NO;
				MTL_FAST_MATH = YES;
				SDKROOT = iphoneos;
				SWIFT_COMPILATION_MODE = wholemodule;
				VALIDATE_PRODUCT = YES;
			};
			name = Release;
		};
		FAC6A50C2B4BF7030064EEC2 /* Debug */ = {
			isa = XCBuildConfiguration;
			buildSettings = {
				ASSETCATALOG_COMPILER_APPICON_NAME = AppIcon;
				ASSETCATALOG_COMPILER_GLOBAL_ACCENT_COLOR_NAME = AccentColor;
				CODE_SIGN_STYLE = Automatic;
				CURRENT_PROJECT_VERSION = 1;
				DEVELOPMENT_ASSET_PATHS = "\"RelaxFocusAndSleepSounds/Preview Content\"";
				DEVELOPMENT_TEAM = 67668SBPLN;
				ENABLE_PREVIEWS = YES;
				GENERATE_INFOPLIST_FILE = YES;
				INFOPLIST_FILE = RelaxFocusAndSleepSounds/Info.plist;
				INFOPLIST_KEY_CFBundleDisplayName = "Relax, Focus And Better Sleep Sounds";
				INFOPLIST_KEY_UIApplicationSceneManifest_Generation = YES;
				INFOPLIST_KEY_UIApplicationSupportsIndirectInputEvents = YES;
				INFOPLIST_KEY_UILaunchScreen_Generation = YES;
				INFOPLIST_KEY_UISupportedInterfaceOrientations = UIInterfaceOrientationPortrait;
				INFOPLIST_KEY_UISupportedInterfaceOrientations_iPad = "UIInterfaceOrientationLandscapeLeft UIInterfaceOrientationLandscapeRight UIInterfaceOrientationPortrait UIInterfaceOrientationPortraitUpsideDown";
				IPHONEOS_DEPLOYMENT_TARGET = 15.0;
				LD_RUNPATH_SEARCH_PATHS = (
					"$(inherited)",
					"@executable_path/Frameworks",
				);
				MARKETING_VERSION = 1.0;
				PRODUCT_BUNDLE_IDENTIFIER = "Aleksei-Voronovskii.RelaxFocusAndSleepSounds";
				PRODUCT_NAME = "$(TARGET_NAME)";
				SUPPORTED_PLATFORMS = "iphoneos iphonesimulator";
				SUPPORTS_MACCATALYST = NO;
				SUPPORTS_MAC_DESIGNED_FOR_IPHONE_IPAD = NO;
				SUPPORTS_XR_DESIGNED_FOR_IPHONE_IPAD = NO;
				SWIFT_EMIT_LOC_STRINGS = YES;
				SWIFT_VERSION = 5.0;
				TARGETED_DEVICE_FAMILY = 1;
			};
			name = Debug;
		};
		FAC6A50D2B4BF7030064EEC2 /* Release */ = {
			isa = XCBuildConfiguration;
			buildSettings = {
				ASSETCATALOG_COMPILER_APPICON_NAME = AppIcon;
				ASSETCATALOG_COMPILER_GLOBAL_ACCENT_COLOR_NAME = AccentColor;
				CODE_SIGN_STYLE = Automatic;
				CURRENT_PROJECT_VERSION = 1;
				DEVELOPMENT_ASSET_PATHS = "\"RelaxFocusAndSleepSounds/Preview Content\"";
				DEVELOPMENT_TEAM = 67668SBPLN;
				ENABLE_PREVIEWS = YES;
				GENERATE_INFOPLIST_FILE = YES;
				INFOPLIST_FILE = RelaxFocusAndSleepSounds/Info.plist;
				INFOPLIST_KEY_CFBundleDisplayName = "Relax, Focus And Better Sleep Sounds";
				INFOPLIST_KEY_UIApplicationSceneManifest_Generation = YES;
				INFOPLIST_KEY_UIApplicationSupportsIndirectInputEvents = YES;
				INFOPLIST_KEY_UILaunchScreen_Generation = YES;
				INFOPLIST_KEY_UISupportedInterfaceOrientations = UIInterfaceOrientationPortrait;
				INFOPLIST_KEY_UISupportedInterfaceOrientations_iPad = "UIInterfaceOrientationLandscapeLeft UIInterfaceOrientationLandscapeRight UIInterfaceOrientationPortrait UIInterfaceOrientationPortraitUpsideDown";
				IPHONEOS_DEPLOYMENT_TARGET = 15.0;
				LD_RUNPATH_SEARCH_PATHS = (
					"$(inherited)",
					"@executable_path/Frameworks",
				);
				MARKETING_VERSION = 1.0;
				PRODUCT_BUNDLE_IDENTIFIER = "Aleksei-Voronovskii.RelaxFocusAndSleepSounds";
				PRODUCT_NAME = "$(TARGET_NAME)";
				SUPPORTED_PLATFORMS = "iphoneos iphonesimulator";
				SUPPORTS_MACCATALYST = NO;
				SUPPORTS_MAC_DESIGNED_FOR_IPHONE_IPAD = NO;
				SUPPORTS_XR_DESIGNED_FOR_IPHONE_IPAD = NO;
				SWIFT_EMIT_LOC_STRINGS = YES;
				SWIFT_VERSION = 5.0;
				TARGETED_DEVICE_FAMILY = 1;
			};
			name = Release;
		};
/* End XCBuildConfiguration section */

/* Begin XCConfigurationList section */
		FAC6A4F82B4BF7020064EEC2 /* Build configuration list for PBXProject "RelaxFocusAndSleepSounds" */ = {
			isa = XCConfigurationList;
			buildConfigurations = (
				FAC6A5092B4BF7030064EEC2 /* Debug */,
				FAC6A50A2B4BF7030064EEC2 /* Release */,
			);
			defaultConfigurationIsVisible = 0;
			defaultConfigurationName = Release;
		};
		FAC6A50B2B4BF7030064EEC2 /* Build configuration list for PBXNativeTarget "RelaxFocusAndSleepSounds" */ = {
			isa = XCConfigurationList;
			buildConfigurations = (
				FAC6A50C2B4BF7030064EEC2 /* Debug */,
				FAC6A50D2B4BF7030064EEC2 /* Release */,
			);
			defaultConfigurationIsVisible = 0;
			defaultConfigurationName = Release;
		};
/* End XCConfigurationList section */
	};
	rootObject = FAC6A4F52B4BF7020064EEC2 /* Project object */;
}
